// !$*UTF8*$!
{
	archiveVersion = 1;
	classes = {
	};
	objectVersion = 46;
	objects = {

/* Begin PBXBuildFile section */
		B255BFEA1B67257B00D46091 /* GuideVC.m in Sources */ = {isa = PBXBuildFile; fileRef = B255BFE91B67257B00D46091 /* GuideVC.m */; };
		B258A62E1B65C26300A71768 /* DKLoginViewController.m in Sources */ = {isa = PBXBuildFile; fileRef = B258A62C1B65C26300A71768 /* DKLoginViewController.m */; };
		B258A62F1B65C26300A71768 /* DKLoginViewController.xib in Resources */ = {isa = PBXBuildFile; fileRef = B258A62D1B65C26300A71768 /* DKLoginViewController.xib */; };
		B258A6331B65C3B800A71768 /* DKListDetailViewController.m in Sources */ = {isa = PBXBuildFile; fileRef = B258A6311B65C3B800A71768 /* DKListDetailViewController.m */; };
		B258A6341B65C3B800A71768 /* DKListDetailViewController.xib in Resources */ = {isa = PBXBuildFile; fileRef = B258A6321B65C3B800A71768 /* DKListDetailViewController.xib */; };
		B258A6381B65D61300A71768 /* DKActivityShareSettingViewController.m in Sources */ = {isa = PBXBuildFile; fileRef = B258A6361B65D61300A71768 /* DKActivityShareSettingViewController.m */; };
		B258A6391B65D61300A71768 /* DKActivityShareSettingViewController.xib in Resources */ = {isa = PBXBuildFile; fileRef = B258A6371B65D61300A71768 /* DKActivityShareSettingViewController.xib */; };
		B258A63F1B6639B000A71768 /* libWeChatSDK.a in Frameworks */ = {isa = PBXBuildFile; fileRef = B258A63B1B6639B000A71768 /* libWeChatSDK.a */; };
		B258A6401B6639B000A71768 /* read_me.txt in Resources */ = {isa = PBXBuildFile; fileRef = B258A63C1B6639B000A71768 /* read_me.txt */; };
		B258A6421B6639EE00A71768 /* libz.dylib in Frameworks */ = {isa = PBXBuildFile; fileRef = B258A6411B6639EE00A71768 /* libz.dylib */; };
		B258A6441B6639F800A71768 /* libsqlite3.0.dylib in Frameworks */ = {isa = PBXBuildFile; fileRef = B258A6431B6639F800A71768 /* libsqlite3.0.dylib */; };
		B25E2F291B59F93100F48886 /* DKActivityTableViewCell.m in Sources */ = {isa = PBXBuildFile; fileRef = B25E2F271B59F93100F48886 /* DKActivityTableViewCell.m */; };
		B25E2F2A1B59F93100F48886 /* DKActivityTableViewCell.xib in Resources */ = {isa = PBXBuildFile; fileRef = B25E2F281B59F93100F48886 /* DKActivityTableViewCell.xib */; };
		B27F53471B58A33E00D8D44C /* main.m in Sources */ = {isa = PBXBuildFile; fileRef = B27F53461B58A33E00D8D44C /* main.m */; };
		B27F534A1B58A33E00D8D44C /* AppDelegate.m in Sources */ = {isa = PBXBuildFile; fileRef = B27F53491B58A33E00D8D44C /* AppDelegate.m */; };
		B27F534D1B58A33E00D8D44C /* ViewController.mm in Sources */ = {isa = PBXBuildFile; fileRef = B27F534C1B58A33E00D8D44C /* ViewController.mm */; };
		B27F53501B58A33E00D8D44C /* Main.storyboard in Resources */ = {isa = PBXBuildFile; fileRef = B27F534E1B58A33E00D8D44C /* Main.storyboard */; };
		B27F53521B58A33E00D8D44C /* Images.xcassets in Resources */ = {isa = PBXBuildFile; fileRef = B27F53511B58A33E00D8D44C /* Images.xcassets */; };
		B27F53551B58A33E00D8D44C /* LaunchScreen.xib in Resources */ = {isa = PBXBuildFile; fileRef = B27F53531B58A33E00D8D44C /* LaunchScreen.xib */; };
		B27F53611B58A33E00D8D44C /* iDookTests.m in Sources */ = {isa = PBXBuildFile; fileRef = B27F53601B58A33E00D8D44C /* iDookTests.m */; };
		B27F53861B58DB8B00D8D44C /* DKBaseNavigationViewController.m in Sources */ = {isa = PBXBuildFile; fileRef = B27F53851B58DB8B00D8D44C /* DKBaseNavigationViewController.m */; };
		B27F538C1B58DC5800D8D44C /* DKBaseViewController.m in Sources */ = {isa = PBXBuildFile; fileRef = B27F538B1B58DC5800D8D44C /* DKBaseViewController.m */; };
		B27F53961B58DEA100D8D44C /* DkActivityViewController.m in Sources */ = {isa = PBXBuildFile; fileRef = B27F53941B58DEA100D8D44C /* DkActivityViewController.m */; };
		B27F53971B58DEA100D8D44C /* DkActivityViewController.xib in Resources */ = {isa = PBXBuildFile; fileRef = B27F53951B58DEA100D8D44C /* DkActivityViewController.xib */; };
		B27F539B1B58DECB00D8D44C /* DKAddressListViewController.m in Sources */ = {isa = PBXBuildFile; fileRef = B27F53991B58DECB00D8D44C /* DKAddressListViewController.m */; };
		B27F539C1B58DECB00D8D44C /* DKAddressListViewController.xib in Resources */ = {isa = PBXBuildFile; fileRef = B27F539A1B58DECB00D8D44C /* DKAddressListViewController.xib */; };
		B27F53A01B58DEDB00D8D44C /* DkMineViewController.m in Sources */ = {isa = PBXBuildFile; fileRef = B27F539E1B58DEDB00D8D44C /* DkMineViewController.m */; };
		B27F53A11B58DEDB00D8D44C /* DkMineViewController.xib in Resources */ = {isa = PBXBuildFile; fileRef = B27F539F1B58DEDB00D8D44C /* DkMineViewController.xib */; };
		B27F53A51B58E33400D8D44C /* UITabBarItem+Universal.m in Sources */ = {isa = PBXBuildFile; fileRef = B27F53A41B58E33400D8D44C /* UITabBarItem+Universal.m */; };
		B27F53A91B58E73100D8D44C /* Tools.m in Sources */ = {isa = PBXBuildFile; fileRef = B27F53A81B58E73100D8D44C /* Tools.m */; settings = {COMPILER_FLAGS = "-fno-objc-arc"; }; };
		B27F53AF1B58E83400D8D44C /* SSKeychain.m in Sources */ = {isa = PBXBuildFile; fileRef = B27F53AE1B58E83400D8D44C /* SSKeychain.m */; };
		B27F53BE1B59070500D8D44C /* DKDynamic.m in Sources */ = {isa = PBXBuildFile; fileRef = B27F53BD1B59070500D8D44C /* DKDynamic.m */; };
		B29810A31B60927C00DE374B /* createImage.jpg in Resources */ = {isa = PBXBuildFile; fileRef = B29810A21B60927C00DE374B /* createImage.jpg */; };
		B29810A71B60BFAB00DE374B /* UIView+Toast.m in Sources */ = {isa = PBXBuildFile; fileRef = B29810A61B60BFAB00DE374B /* UIView+Toast.m */; };
		B29810AD1B60C56B00DE374B /* CTAssetsPickerController.m in Sources */ = {isa = PBXBuildFile; fileRef = B29810AA1B60C56B00DE374B /* CTAssetsPickerController.m */; };
		B29810AE1B60C56B00DE374B /* PhotoPickerController.m in Sources */ = {isa = PBXBuildFile; fileRef = B29810AC1B60C56B00DE374B /* PhotoPickerController.m */; };
		B29810B11B60CBA800DE374B /* NSDate+TimeInterval.m in Sources */ = {isa = PBXBuildFile; fileRef = B29810B01B60CBA800DE374B /* NSDate+TimeInterval.m */; };
		B29810B61B60F31600DE374B /* DKShowBigImageViewController.m in Sources */ = {isa = PBXBuildFile; fileRef = B29810B51B60F31600DE374B /* DKShowBigImageViewController.m */; };
		B2CEC5B71B5DCF9400FF19E4 /* DKCreateActivityViewController.m in Sources */ = {isa = PBXBuildFile; fileRef = B2CEC5B51B5DCF9400FF19E4 /* DKCreateActivityViewController.m */; };
		B2CEC5B81B5DCF9400FF19E4 /* DKCreateActivityViewController.xib in Resources */ = {isa = PBXBuildFile; fileRef = B2CEC5B61B5DCF9400FF19E4 /* DKCreateActivityViewController.xib */; };
		B2CEC5BC1B5DF00200FF19E4 /* EScrollerView.m in Sources */ = {isa = PBXBuildFile; fileRef = B2CEC5BB1B5DF00200FF19E4 /* EScrollerView.m */; settings = {COMPILER_FLAGS = "-fno-objc-arc"; }; };
		B2CEC5BF1B5DF0B100FF19E4 /* DkAddImageView.m in Sources */ = {isa = PBXBuildFile; fileRef = B2CEC5BE1B5DF0B100FF19E4 /* DkAddImageView.m */; };
		B2E887CA1B61EB4900B8FF26 /* BaiduMapAPI.framework in Frameworks */ = {isa = PBXBuildFile; fileRef = B2E887C91B61EB4900B8FF26 /* BaiduMapAPI.framework */; };
		B2E887D71B61ECDD00B8FF26 /* CoreLocation.framework in Frameworks */ = {isa = PBXBuildFile; fileRef = B2E887CB1B61EC2600B8FF26 /* CoreLocation.framework */; };
		B2E887D81B61ECE800B8FF26 /* QuartzCore.framework in Frameworks */ = {isa = PBXBuildFile; fileRef = B2E887CD1B61EC2F00B8FF26 /* QuartzCore.framework */; };
		B2E887D91B61ECEF00B8FF26 /* OpenGLES.framework in Frameworks */ = {isa = PBXBuildFile; fileRef = B2E887CF1B61EC3600B8FF26 /* OpenGLES.framework */; };
		B2E887DA1B61ECFB00B8FF26 /* SystemConfiguration.framework in Frameworks */ = {isa = PBXBuildFile; fileRef = B2E887D11B61EC4800B8FF26 /* SystemConfiguration.framework */; };
		B2E887DB1B61ED0500B8FF26 /* CoreGraphics.framework in Frameworks */ = {isa = PBXBuildFile; fileRef = B2E887D31B61EC5300B8FF26 /* CoreGraphics.framework */; };
		B2E887DC1B61ED0C00B8FF26 /* Security.framework in Frameworks */ = {isa = PBXBuildFile; fileRef = B2E887D51B61EC6000B8FF26 /* Security.framework */; };
		B2E887DE1B61EE3C00B8FF26 /* mapapi.bundle in Resources */ = {isa = PBXBuildFile; fileRef = B2E887DD1B61EE3C00B8FF26 /* mapapi.bundle */; };
		B2E887E71B6201A100B8FF26 /* DKShowlocationViewController.m in Sources */ = {isa = PBXBuildFile; fileRef = B2E887E51B6201A100B8FF26 /* DKShowlocationViewController.m */; };
		B2E887E81B6201A100B8FF26 /* DKShowlocationViewController.xib in Resources */ = {isa = PBXBuildFile; fileRef = B2E887E61B6201A100B8FF26 /* DKShowlocationViewController.xib */; };
		B2E887EE1B623A1200B8FF26 /* LCVoice.m in Sources */ = {isa = PBXBuildFile; fileRef = B2E887EB1B623A1200B8FF26 /* LCVoice.m */; settings = {COMPILER_FLAGS = "-fno-objc-arc"; }; };
		B2E887EF1B623A1200B8FF26 /* LCVoiceHud.m in Sources */ = {isa = PBXBuildFile; fileRef = B2E887ED1B623A1200B8FF26 /* LCVoiceHud.m */; settings = {COMPILER_FLAGS = "-fno-objc-arc"; }; };
		B2E887F41B623A7F00B8FF26 /* black_bg_ip5@2x.png in Resources */ = {isa = PBXBuildFile; fileRef = B2E887F01B623A7F00B8FF26 /* black_bg_ip5@2x.png */; };
		B2E887F51B623A7F00B8FF26 /* mic_normal_358x358@2x.png in Resources */ = {isa = PBXBuildFile; fileRef = B2E887F11B623A7F00B8FF26 /* mic_normal_358x358@2x.png */; };
		B2E887F61B623A7F00B8FF26 /* mic_talk_358x358@2x.png in Resources */ = {isa = PBXBuildFile; fileRef = B2E887F21B623A7F00B8FF26 /* mic_talk_358x358@2x.png */; };
		B2E887F71B623A7F00B8FF26 /* wave70x117@2x.png in Resources */ = {isa = PBXBuildFile; fileRef = B2E887F31B623A7F00B8FF26 /* wave70x117@2x.png */; };
		B2E887F81B623A9F00B8FF26 /* AVFoundation.framework in Frameworks */ = {isa = PBXBuildFile; fileRef = B29810B21B60F1BE00DE374B /* AVFoundation.framework */; };
		B2E887FA1B623AAD00B8FF26 /* UIKit.framework in Frameworks */ = {isa = PBXBuildFile; fileRef = B2E887F91B623AAD00B8FF26 /* UIKit.framework */; };
		B2E887FC1B623ABB00B8FF26 /* Foundation.framework in Frameworks */ = {isa = PBXBuildFile; fileRef = B2E887FB1B623ABB00B8FF26 /* Foundation.framework */; };
		B2E888001B623B3400B8FF26 /* DKAudioRecordViewController.m in Sources */ = {isa = PBXBuildFile; fileRef = B2E887FE1B623B3400B8FF26 /* DKAudioRecordViewController.m */; };
		B2E888011B623B3400B8FF26 /* DKAudioRecordViewController.xib in Resources */ = {isa = PBXBuildFile; fileRef = B2E887FF1B623B3400B8FF26 /* DKAudioRecordViewController.xib */; };
		B2E888031B62466100B8FF26 /* AudioToolbox.framework in Frameworks */ = {isa = PBXBuildFile; fileRef = B2E888021B62466100B8FF26 /* AudioToolbox.framework */; };
		B2E888051B62515C00B8FF26 /* MySound.caf in Resources */ = {isa = PBXBuildFile; fileRef = B2E888041B62515C00B8FF26 /* MySound.caf */; };
		FDF4C0281B64EF5B005DAF41 /* DKAddressListCell.m in Sources */ = {isa = PBXBuildFile; fileRef = FDF4C0261B64EF5B005DAF41 /* DKAddressListCell.m */; };
		FDF4C0291B64EF5B005DAF41 /* DKAddressListCell.xib in Resources */ = {isa = PBXBuildFile; fileRef = FDF4C0271B64EF5B005DAF41 /* DKAddressListCell.xib */; };
/* End PBXBuildFile section */

/* Begin PBXContainerItemProxy section */
		B27F535B1B58A33E00D8D44C /* PBXContainerItemProxy */ = {
			isa = PBXContainerItemProxy;
			containerPortal = B27F53391B58A33E00D8D44C /* Project object */;
			proxyType = 1;
			remoteGlobalIDString = B27F53401B58A33E00D8D44C;
			remoteInfo = iDook;
		};
/* End PBXContainerItemProxy section */

/* Begin PBXFileReference section */
		B255BFE81B67257B00D46091 /* GuideVC.h */ = {isa = PBXFileReference; fileEncoding = 4; lastKnownFileType = sourcecode.c.h; path = GuideVC.h; sourceTree = "<group>"; };
		B255BFE91B67257B00D46091 /* GuideVC.m */ = {isa = PBXFileReference; fileEncoding = 4; lastKnownFileType = sourcecode.c.objc; path = GuideVC.m; sourceTree = "<group>"; };
		B258A62B1B65C26300A71768 /* DKLoginViewController.h */ = {isa = PBXFileReference; fileEncoding = 4; lastKnownFileType = sourcecode.c.h; name = DKLoginViewController.h; path = ../DKLoginViewController.h; sourceTree = "<group>"; };
		B258A62C1B65C26300A71768 /* DKLoginViewController.m */ = {isa = PBXFileReference; fileEncoding = 4; lastKnownFileType = sourcecode.c.objc; name = DKLoginViewController.m; path = ../DKLoginViewController.m; sourceTree = "<group>"; };
		B258A62D1B65C26300A71768 /* DKLoginViewController.xib */ = {isa = PBXFileReference; fileEncoding = 4; lastKnownFileType = file.xib; name = DKLoginViewController.xib; path = ../DKLoginViewController.xib; sourceTree = "<group>"; };
		B258A6301B65C3B800A71768 /* DKListDetailViewController.h */ = {isa = PBXFileReference; fileEncoding = 4; lastKnownFileType = sourcecode.c.h; path = DKListDetailViewController.h; sourceTree = "<group>"; };
		B258A6311B65C3B800A71768 /* DKListDetailViewController.m */ = {isa = PBXFileReference; fileEncoding = 4; lastKnownFileType = sourcecode.c.objc; path = DKListDetailViewController.m; sourceTree = "<group>"; };
		B258A6321B65C3B800A71768 /* DKListDetailViewController.xib */ = {isa = PBXFileReference; fileEncoding = 4; lastKnownFileType = file.xib; path = DKListDetailViewController.xib; sourceTree = "<group>"; };
		B258A6351B65D61300A71768 /* DKActivityShareSettingViewController.h */ = {isa = PBXFileReference; fileEncoding = 4; lastKnownFileType = sourcecode.c.h; path = DKActivityShareSettingViewController.h; sourceTree = "<group>"; };
		B258A6361B65D61300A71768 /* DKActivityShareSettingViewController.m */ = {isa = PBXFileReference; fileEncoding = 4; lastKnownFileType = sourcecode.c.objc; path = DKActivityShareSettingViewController.m; sourceTree = "<group>"; };
		B258A6371B65D61300A71768 /* DKActivityShareSettingViewController.xib */ = {isa = PBXFileReference; fileEncoding = 4; lastKnownFileType = file.xib; path = DKActivityShareSettingViewController.xib; sourceTree = "<group>"; };
		B258A63B1B6639B000A71768 /* libWeChatSDK.a */ = {isa = PBXFileReference; lastKnownFileType = archive.ar; path = libWeChatSDK.a; sourceTree = "<group>"; };
		B258A63C1B6639B000A71768 /* read_me.txt */ = {isa = PBXFileReference; fileEncoding = 4; lastKnownFileType = text; path = read_me.txt; sourceTree = "<group>"; };
		B258A63D1B6639B000A71768 /* WXApi.h */ = {isa = PBXFileReference; fileEncoding = 4; lastKnownFileType = sourcecode.c.h; path = WXApi.h; sourceTree = "<group>"; };
		B258A63E1B6639B000A71768 /* WXApiObject.h */ = {isa = PBXFileReference; fileEncoding = 4; lastKnownFileType = sourcecode.c.h; path = WXApiObject.h; sourceTree = "<group>"; };
		B258A6411B6639EE00A71768 /* libz.dylib */ = {isa = PBXFileReference; lastKnownFileType = "compiled.mach-o.dylib"; name = libz.dylib; path = usr/lib/libz.dylib; sourceTree = SDKROOT; };
		B258A6431B6639F800A71768 /* libsqlite3.0.dylib */ = {isa = PBXFileReference; lastKnownFileType = "compiled.mach-o.dylib"; name = libsqlite3.0.dylib; path = usr/lib/libsqlite3.0.dylib; sourceTree = SDKROOT; };
		B25E2F261B59F93100F48886 /* DKActivityTableViewCell.h */ = {isa = PBXFileReference; fileEncoding = 4; lastKnownFileType = sourcecode.c.h; path = DKActivityTableViewCell.h; sourceTree = "<group>"; };
		B25E2F271B59F93100F48886 /* DKActivityTableViewCell.m */ = {isa = PBXFileReference; fileEncoding = 4; lastKnownFileType = sourcecode.c.objc; path = DKActivityTableViewCell.m; sourceTree = "<group>"; };
		B25E2F281B59F93100F48886 /* DKActivityTableViewCell.xib */ = {isa = PBXFileReference; fileEncoding = 4; lastKnownFileType = file.xib; path = DKActivityTableViewCell.xib; sourceTree = "<group>"; };
		B27F53411B58A33E00D8D44C /* iDook.app */ = {isa = PBXFileReference; explicitFileType = wrapper.application; includeInIndex = 0; path = iDook.app; sourceTree = BUILT_PRODUCTS_DIR; };
		B27F53451B58A33E00D8D44C /* Info.plist */ = {isa = PBXFileReference; lastKnownFileType = text.plist.xml; path = Info.plist; sourceTree = "<group>"; };
		B27F53461B58A33E00D8D44C /* main.m */ = {isa = PBXFileReference; lastKnownFileType = sourcecode.c.objc; path = main.m; sourceTree = "<group>"; };
		B27F53481B58A33E00D8D44C /* AppDelegate.h */ = {isa = PBXFileReference; lastKnownFileType = sourcecode.c.h; path = AppDelegate.h; sourceTree = "<group>"; };
		B27F53491B58A33E00D8D44C /* AppDelegate.m */ = {isa = PBXFileReference; lastKnownFileType = sourcecode.c.objc; path = AppDelegate.m; sourceTree = "<group>"; };
		B27F534B1B58A33E00D8D44C /* ViewController.h */ = {isa = PBXFileReference; lastKnownFileType = sourcecode.c.h; path = ViewController.h; sourceTree = "<group>"; };
		B27F534C1B58A33E00D8D44C /* ViewController.mm */ = {isa = PBXFileReference; lastKnownFileType = sourcecode.cpp.objcpp; path = ViewController.mm; sourceTree = "<group>"; };
		B27F534F1B58A33E00D8D44C /* Base */ = {isa = PBXFileReference; lastKnownFileType = file.storyboard; name = Base; path = Base.lproj/Main.storyboard; sourceTree = "<group>"; };
		B27F53511B58A33E00D8D44C /* Images.xcassets */ = {isa = PBXFileReference; lastKnownFileType = folder.assetcatalog; path = Images.xcassets; sourceTree = "<group>"; };
		B27F53541B58A33E00D8D44C /* Base */ = {isa = PBXFileReference; lastKnownFileType = file.xib; name = Base; path = Base.lproj/LaunchScreen.xib; sourceTree = "<group>"; };
		B27F535A1B58A33E00D8D44C /* iDookTests.xctest */ = {isa = PBXFileReference; explicitFileType = wrapper.cfbundle; includeInIndex = 0; path = iDookTests.xctest; sourceTree = BUILT_PRODUCTS_DIR; };
		B27F535F1B58A33E00D8D44C /* Info.plist */ = {isa = PBXFileReference; lastKnownFileType = text.plist.xml; path = Info.plist; sourceTree = "<group>"; };
		B27F53601B58A33E00D8D44C /* iDookTests.m */ = {isa = PBXFileReference; lastKnownFileType = sourcecode.c.objc; path = iDookTests.m; sourceTree = "<group>"; };
		B27F53841B58DB8B00D8D44C /* DKBaseNavigationViewController.h */ = {isa = PBXFileReference; fileEncoding = 4; lastKnownFileType = sourcecode.c.h; path = DKBaseNavigationViewController.h; sourceTree = "<group>"; };
		B27F53851B58DB8B00D8D44C /* DKBaseNavigationViewController.m */ = {isa = PBXFileReference; fileEncoding = 4; lastKnownFileType = sourcecode.c.objc; path = DKBaseNavigationViewController.m; sourceTree = "<group>"; };
		B27F538A1B58DC5800D8D44C /* DKBaseViewController.h */ = {isa = PBXFileReference; fileEncoding = 4; lastKnownFileType = sourcecode.c.h; path = DKBaseViewController.h; sourceTree = "<group>"; };
		B27F538B1B58DC5800D8D44C /* DKBaseViewController.m */ = {isa = PBXFileReference; fileEncoding = 4; lastKnownFileType = sourcecode.c.objc; path = DKBaseViewController.m; sourceTree = "<group>"; };
		B27F53931B58DEA100D8D44C /* DkActivityViewController.h */ = {isa = PBXFileReference; fileEncoding = 4; lastKnownFileType = sourcecode.c.h; path = DkActivityViewController.h; sourceTree = "<group>"; };
		B27F53941B58DEA100D8D44C /* DkActivityViewController.m */ = {isa = PBXFileReference; fileEncoding = 4; lastKnownFileType = sourcecode.c.objc; path = DkActivityViewController.m; sourceTree = "<group>"; };
		B27F53951B58DEA100D8D44C /* DkActivityViewController.xib */ = {isa = PBXFileReference; fileEncoding = 4; lastKnownFileType = file.xib; path = DkActivityViewController.xib; sourceTree = "<group>"; };
		B27F53981B58DECB00D8D44C /* DKAddressListViewController.h */ = {isa = PBXFileReference; fileEncoding = 4; lastKnownFileType = sourcecode.c.h; path = DKAddressListViewController.h; sourceTree = "<group>"; };
		B27F53991B58DECB00D8D44C /* DKAddressListViewController.m */ = {isa = PBXFileReference; fileEncoding = 4; lastKnownFileType = sourcecode.c.objc; path = DKAddressListViewController.m; sourceTree = "<group>"; };
		B27F539A1B58DECB00D8D44C /* DKAddressListViewController.xib */ = {isa = PBXFileReference; fileEncoding = 4; lastKnownFileType = file.xib; path = DKAddressListViewController.xib; sourceTree = "<group>"; };
		B27F539D1B58DEDB00D8D44C /* DkMineViewController.h */ = {isa = PBXFileReference; fileEncoding = 4; lastKnownFileType = sourcecode.c.h; path = DkMineViewController.h; sourceTree = "<group>"; };
		B27F539E1B58DEDB00D8D44C /* DkMineViewController.m */ = {isa = PBXFileReference; fileEncoding = 4; lastKnownFileType = sourcecode.c.objc; path = DkMineViewController.m; sourceTree = "<group>"; };
		B27F539F1B58DEDB00D8D44C /* DkMineViewController.xib */ = {isa = PBXFileReference; fileEncoding = 4; lastKnownFileType = file.xib; path = DkMineViewController.xib; sourceTree = "<group>"; };
		B27F53A31B58E33400D8D44C /* UITabBarItem+Universal.h */ = {isa = PBXFileReference; fileEncoding = 4; lastKnownFileType = sourcecode.c.h; path = "UITabBarItem+Universal.h"; sourceTree = "<group>"; };
		B27F53A41B58E33400D8D44C /* UITabBarItem+Universal.m */ = {isa = PBXFileReference; fileEncoding = 4; lastKnownFileType = sourcecode.c.objc; path = "UITabBarItem+Universal.m"; sourceTree = "<group>"; };
		B27F53A61B58E4B400D8D44C /* iDookPCH.pch */ = {isa = PBXFileReference; fileEncoding = 4; lastKnownFileType = sourcecode.c.h; path = iDookPCH.pch; sourceTree = "<group>"; };
		B27F53A71B58E73100D8D44C /* Tools.h */ = {isa = PBXFileReference; fileEncoding = 4; lastKnownFileType = sourcecode.c.h; path = Tools.h; sourceTree = "<group>"; };
		B27F53A81B58E73100D8D44C /* Tools.m */ = {isa = PBXFileReference; fileEncoding = 4; lastKnownFileType = sourcecode.c.objc; path = Tools.m; sourceTree = "<group>"; };
		B27F53AD1B58E83400D8D44C /* SSKeychain.h */ = {isa = PBXFileReference; fileEncoding = 4; lastKnownFileType = sourcecode.c.h; path = SSKeychain.h; sourceTree = "<group>"; };
		B27F53AE1B58E83400D8D44C /* SSKeychain.m */ = {isa = PBXFileReference; fileEncoding = 4; lastKnownFileType = sourcecode.c.objc; path = SSKeychain.m; sourceTree = "<group>"; };
		B27F53BC1B59070500D8D44C /* DKDynamic.h */ = {isa = PBXFileReference; fileEncoding = 4; lastKnownFileType = sourcecode.c.h; path = DKDynamic.h; sourceTree = "<group>"; };
		B27F53BD1B59070500D8D44C /* DKDynamic.m */ = {isa = PBXFileReference; fileEncoding = 4; lastKnownFileType = sourcecode.c.objc; path = DKDynamic.m; sourceTree = "<group>"; };
		B29810A21B60927C00DE374B /* createImage.jpg */ = {isa = PBXFileReference; lastKnownFileType = image.jpeg; path = createImage.jpg; sourceTree = "<group>"; };
		B29810A51B60BFAB00DE374B /* UIView+Toast.h */ = {isa = PBXFileReference; fileEncoding = 4; lastKnownFileType = sourcecode.c.h; path = "UIView+Toast.h"; sourceTree = "<group>"; };
		B29810A61B60BFAB00DE374B /* UIView+Toast.m */ = {isa = PBXFileReference; fileEncoding = 4; lastKnownFileType = sourcecode.c.objc; path = "UIView+Toast.m"; sourceTree = "<group>"; };
		B29810A91B60C56B00DE374B /* CTAssetsPickerController.h */ = {isa = PBXFileReference; fileEncoding = 4; lastKnownFileType = sourcecode.c.h; path = CTAssetsPickerController.h; sourceTree = "<group>"; };
		B29810AA1B60C56B00DE374B /* CTAssetsPickerController.m */ = {isa = PBXFileReference; fileEncoding = 4; lastKnownFileType = sourcecode.c.objc; path = CTAssetsPickerController.m; sourceTree = "<group>"; };
		B29810AB1B60C56B00DE374B /* PhotoPickerController.h */ = {isa = PBXFileReference; fileEncoding = 4; lastKnownFileType = sourcecode.c.h; path = PhotoPickerController.h; sourceTree = "<group>"; };
		B29810AC1B60C56B00DE374B /* PhotoPickerController.m */ = {isa = PBXFileReference; fileEncoding = 4; lastKnownFileType = sourcecode.c.objc; path = PhotoPickerController.m; sourceTree = "<group>"; };
		B29810AF1B60CBA800DE374B /* NSDate+TimeInterval.h */ = {isa = PBXFileReference; fileEncoding = 4; lastKnownFileType = sourcecode.c.h; path = "NSDate+TimeInterval.h"; sourceTree = "<group>"; };
		B29810B01B60CBA800DE374B /* NSDate+TimeInterval.m */ = {isa = PBXFileReference; fileEncoding = 4; lastKnownFileType = sourcecode.c.objc; path = "NSDate+TimeInterval.m"; sourceTree = "<group>"; };
		B29810B21B60F1BE00DE374B /* AVFoundation.framework */ = {isa = PBXFileReference; lastKnownFileType = wrapper.framework; name = AVFoundation.framework; path = System/Library/Frameworks/AVFoundation.framework; sourceTree = SDKROOT; };
		B29810B41B60F31600DE374B /* DKShowBigImageViewController.h */ = {isa = PBXFileReference; fileEncoding = 4; lastKnownFileType = sourcecode.c.h; path = DKShowBigImageViewController.h; sourceTree = "<group>"; };
		B29810B51B60F31600DE374B /* DKShowBigImageViewController.m */ = {isa = PBXFileReference; fileEncoding = 4; lastKnownFileType = sourcecode.c.objc; path = DKShowBigImageViewController.m; sourceTree = "<group>"; };
		B2CEC5B41B5DCF9400FF19E4 /* DKCreateActivityViewController.h */ = {isa = PBXFileReference; fileEncoding = 4; lastKnownFileType = sourcecode.c.h; path = DKCreateActivityViewController.h; sourceTree = "<group>"; };
		B2CEC5B51B5DCF9400FF19E4 /* DKCreateActivityViewController.m */ = {isa = PBXFileReference; fileEncoding = 4; lastKnownFileType = sourcecode.c.objc; path = DKCreateActivityViewController.m; sourceTree = "<group>"; };
		B2CEC5B61B5DCF9400FF19E4 /* DKCreateActivityViewController.xib */ = {isa = PBXFileReference; fileEncoding = 4; lastKnownFileType = file.xib; path = DKCreateActivityViewController.xib; sourceTree = "<group>"; };
		B2CEC5BA1B5DF00200FF19E4 /* EScrollerView.h */ = {isa = PBXFileReference; fileEncoding = 4; lastKnownFileType = sourcecode.c.h; path = EScrollerView.h; sourceTree = "<group>"; };
		B2CEC5BB1B5DF00200FF19E4 /* EScrollerView.m */ = {isa = PBXFileReference; fileEncoding = 4; lastKnownFileType = sourcecode.c.objc; path = EScrollerView.m; sourceTree = "<group>"; };
		B2CEC5BD1B5DF0B100FF19E4 /* DkAddImageView.h */ = {isa = PBXFileReference; fileEncoding = 4; lastKnownFileType = sourcecode.c.h; path = DkAddImageView.h; sourceTree = "<group>"; };
		B2CEC5BE1B5DF0B100FF19E4 /* DkAddImageView.m */ = {isa = PBXFileReference; fileEncoding = 4; lastKnownFileType = sourcecode.c.objc; path = DkAddImageView.m; sourceTree = "<group>"; };
		B2E887C91B61EB4900B8FF26 /* BaiduMapAPI.framework */ = {isa = PBXFileReference; lastKnownFileType = wrapper.framework; path = BaiduMapAPI.framework; sourceTree = "<group>"; };
		B2E887CB1B61EC2600B8FF26 /* CoreLocation.framework */ = {isa = PBXFileReference; lastKnownFileType = wrapper.framework; name = CoreLocation.framework; path = System/Library/Frameworks/CoreLocation.framework; sourceTree = SDKROOT; };
		B2E887CD1B61EC2F00B8FF26 /* QuartzCore.framework */ = {isa = PBXFileReference; lastKnownFileType = wrapper.framework; name = QuartzCore.framework; path = System/Library/Frameworks/QuartzCore.framework; sourceTree = SDKROOT; };
		B2E887CF1B61EC3600B8FF26 /* OpenGLES.framework */ = {isa = PBXFileReference; lastKnownFileType = wrapper.framework; name = OpenGLES.framework; path = System/Library/Frameworks/OpenGLES.framework; sourceTree = SDKROOT; };
		B2E887D11B61EC4800B8FF26 /* SystemConfiguration.framework */ = {isa = PBXFileReference; lastKnownFileType = wrapper.framework; name = SystemConfiguration.framework; path = System/Library/Frameworks/SystemConfiguration.framework; sourceTree = SDKROOT; };
		B2E887D31B61EC5300B8FF26 /* CoreGraphics.framework */ = {isa = PBXFileReference; lastKnownFileType = wrapper.framework; name = CoreGraphics.framework; path = System/Library/Frameworks/CoreGraphics.framework; sourceTree = SDKROOT; };
		B2E887D51B61EC6000B8FF26 /* Security.framework */ = {isa = PBXFileReference; lastKnownFileType = wrapper.framework; name = Security.framework; path = System/Library/Frameworks/Security.framework; sourceTree = SDKROOT; };
		B2E887DD1B61EE3C00B8FF26 /* mapapi.bundle */ = {isa = PBXFileReference; lastKnownFileType = "wrapper.plug-in"; path = mapapi.bundle; sourceTree = "<group>"; };
		B2E887E41B6201A100B8FF26 /* DKShowlocationViewController.h */ = {isa = PBXFileReference; fileEncoding = 4; lastKnownFileType = sourcecode.c.h; path = DKShowlocationViewController.h; sourceTree = "<group>"; };
		B2E887E51B6201A100B8FF26 /* DKShowlocationViewController.m */ = {isa = PBXFileReference; fileEncoding = 4; lastKnownFileType = sourcecode.c.objc; path = DKShowlocationViewController.m; sourceTree = "<group>"; };
		B2E887E61B6201A100B8FF26 /* DKShowlocationViewController.xib */ = {isa = PBXFileReference; fileEncoding = 4; lastKnownFileType = file.xib; path = DKShowlocationViewController.xib; sourceTree = "<group>"; };
		B2E887EA1B623A1200B8FF26 /* LCVoice.h */ = {isa = PBXFileReference; fileEncoding = 4; lastKnownFileType = sourcecode.c.h; path = LCVoice.h; sourceTree = "<group>"; };
		B2E887EB1B623A1200B8FF26 /* LCVoice.m */ = {isa = PBXFileReference; fileEncoding = 4; lastKnownFileType = sourcecode.c.objc; path = LCVoice.m; sourceTree = "<group>"; };
		B2E887EC1B623A1200B8FF26 /* LCVoiceHud.h */ = {isa = PBXFileReference; fileEncoding = 4; lastKnownFileType = sourcecode.c.h; path = LCVoiceHud.h; sourceTree = "<group>"; };
		B2E887ED1B623A1200B8FF26 /* LCVoiceHud.m */ = {isa = PBXFileReference; fileEncoding = 4; lastKnownFileType = sourcecode.c.objc; path = LCVoiceHud.m; sourceTree = "<group>"; };
		B2E887F01B623A7F00B8FF26 /* black_bg_ip5@2x.png */ = {isa = PBXFileReference; lastKnownFileType = image.png; path = "black_bg_ip5@2x.png"; sourceTree = "<group>"; };
		B2E887F11B623A7F00B8FF26 /* mic_normal_358x358@2x.png */ = {isa = PBXFileReference; lastKnownFileType = image.png; path = "mic_normal_358x358@2x.png"; sourceTree = "<group>"; };
		B2E887F21B623A7F00B8FF26 /* mic_talk_358x358@2x.png */ = {isa = PBXFileReference; lastKnownFileType = image.png; path = "mic_talk_358x358@2x.png"; sourceTree = "<group>"; };
		B2E887F31B623A7F00B8FF26 /* wave70x117@2x.png */ = {isa = PBXFileReference; lastKnownFileType = image.png; path = "wave70x117@2x.png"; sourceTree = "<group>"; };
		B2E887F91B623AAD00B8FF26 /* UIKit.framework */ = {isa = PBXFileReference; lastKnownFileType = wrapper.framework; name = UIKit.framework; path = System/Library/Frameworks/UIKit.framework; sourceTree = SDKROOT; };
		B2E887FB1B623ABB00B8FF26 /* Foundation.framework */ = {isa = PBXFileReference; lastKnownFileType = wrapper.framework; name = Foundation.framework; path = System/Library/Frameworks/Foundation.framework; sourceTree = SDKROOT; };
		B2E887FD1B623B3400B8FF26 /* DKAudioRecordViewController.h */ = {isa = PBXFileReference; fileEncoding = 4; lastKnownFileType = sourcecode.c.h; path = DKAudioRecordViewController.h; sourceTree = "<group>"; };
		B2E887FE1B623B3400B8FF26 /* DKAudioRecordViewController.m */ = {isa = PBXFileReference; fileEncoding = 4; lastKnownFileType = sourcecode.c.objc; path = DKAudioRecordViewController.m; sourceTree = "<group>"; };
		B2E887FF1B623B3400B8FF26 /* DKAudioRecordViewController.xib */ = {isa = PBXFileReference; fileEncoding = 4; lastKnownFileType = file.xib; path = DKAudioRecordViewController.xib; sourceTree = "<group>"; };
		B2E888021B62466100B8FF26 /* AudioToolbox.framework */ = {isa = PBXFileReference; lastKnownFileType = wrapper.framework; name = AudioToolbox.framework; path = System/Library/Frameworks/AudioToolbox.framework; sourceTree = SDKROOT; };
		B2E888041B62515C00B8FF26 /* MySound.caf */ = {isa = PBXFileReference; lastKnownFileType = file; path = MySound.caf; sourceTree = "<group>"; };
		FDF4C0251B64EF5B005DAF41 /* DKAddressListCell.h */ = {isa = PBXFileReference; fileEncoding = 4; lastKnownFileType = sourcecode.c.h; path = DKAddressListCell.h; sourceTree = "<group>"; };
		FDF4C0261B64EF5B005DAF41 /* DKAddressListCell.m */ = {isa = PBXFileReference; fileEncoding = 4; lastKnownFileType = sourcecode.c.objc; path = DKAddressListCell.m; sourceTree = "<group>"; };
		FDF4C0271B64EF5B005DAF41 /* DKAddressListCell.xib */ = {isa = PBXFileReference; fileEncoding = 4; lastKnownFileType = file.xib; path = DKAddressListCell.xib; sourceTree = "<group>"; };
/* End PBXFileReference section */

/* Begin PBXFrameworksBuildPhase section */
		B27F533E1B58A33E00D8D44C /* Frameworks */ = {
			isa = PBXFrameworksBuildPhase;
			buildActionMask = 2147483647;
			files = (
				B258A6441B6639F800A71768 /* libsqlite3.0.dylib in Frameworks */,
				B258A6421B6639EE00A71768 /* libz.dylib in Frameworks */,
				B2E888031B62466100B8FF26 /* AudioToolbox.framework in Frameworks */,
				B2E887FC1B623ABB00B8FF26 /* Foundation.framework in Frameworks */,
				B258A63F1B6639B000A71768 /* libWeChatSDK.a in Frameworks */,
				B2E887FA1B623AAD00B8FF26 /* UIKit.framework in Frameworks */,
				B2E887F81B623A9F00B8FF26 /* AVFoundation.framework in Frameworks */,
				B2E887DC1B61ED0C00B8FF26 /* Security.framework in Frameworks */,
				B2E887DB1B61ED0500B8FF26 /* CoreGraphics.framework in Frameworks */,
				B2E887DA1B61ECFB00B8FF26 /* SystemConfiguration.framework in Frameworks */,
				B2E887D91B61ECEF00B8FF26 /* OpenGLES.framework in Frameworks */,
				B2E887D81B61ECE800B8FF26 /* QuartzCore.framework in Frameworks */,
				B2E887D71B61ECDD00B8FF26 /* CoreLocation.framework in Frameworks */,
				B2E887CA1B61EB4900B8FF26 /* BaiduMapAPI.framework in Frameworks */,
			);
			runOnlyForDeploymentPostprocessing = 0;
		};
		B27F53571B58A33E00D8D44C /* Frameworks */ = {
			isa = PBXFrameworksBuildPhase;
			buildActionMask = 2147483647;
			files = (
			);
			runOnlyForDeploymentPostprocessing = 0;
		};
/* End PBXFrameworksBuildPhase section */

/* Begin PBXGroup section */
		B255BFE71B67255F00D46091 /* iDookLogin */ = {
			isa = PBXGroup;
			children = (
				B255BFE81B67257B00D46091 /* GuideVC.h */,
				B255BFE91B67257B00D46091 /* GuideVC.m */,
				B258A62B1B65C26300A71768 /* DKLoginViewController.h */,
				B258A62C1B65C26300A71768 /* DKLoginViewController.m */,
				B258A62D1B65C26300A71768 /* DKLoginViewController.xib */,
			);
			path = iDookLogin;
			sourceTree = "<group>";
		};
		B258A63A1B66396F00A71768 /* WeiChat */ = {
			isa = PBXGroup;
			children = (
				B258A63B1B6639B000A71768 /* libWeChatSDK.a */,
				B258A63C1B6639B000A71768 /* read_me.txt */,
				B258A63D1B6639B000A71768 /* WXApi.h */,
				B258A63E1B6639B000A71768 /* WXApiObject.h */,
			);
			path = WeiChat;
			sourceTree = "<group>";
		};
		B27F53381B58A33E00D8D44C = {
			isa = PBXGroup;
			children = (
				B2E887C81B61EB0A00B8FF26 /* Frameworks */,
				B27F53431B58A33E00D8D44C /* iDook */,
				B27F535D1B58A33E00D8D44C /* iDookTests */,
				B27F53421B58A33E00D8D44C /* Products */,
			);
			sourceTree = "<group>";
		};
		B27F53421B58A33E00D8D44C /* Products */ = {
			isa = PBXGroup;
			children = (
				B27F53411B58A33E00D8D44C /* iDook.app */,
				B27F535A1B58A33E00D8D44C /* iDookTests.xctest */,
			);
			name = Products;
			sourceTree = "<group>";
		};
		B27F53431B58A33E00D8D44C /* iDook */ = {
			isa = PBXGroup;
			children = (
				B255BFE71B67255F00D46091 /* iDookLogin */,
				B27F53821B58DA5500D8D44C /* iDookModel */,
				B27F53831B58DB1000D8D44C /* iDookBaseViews */,
				B27F53A21B58E30A00D8D44C /* ThirdFrameworks */,
				B27F53901B58DE5600D8D44C /* iDookActivity */,
				B27F53911B58DE6100D8D44C /* iDookAddressList */,
				B27F53921B58DE6800D8D44C /* iDookMine */,
				B27F53481B58A33E00D8D44C /* AppDelegate.h */,
				B27F53491B58A33E00D8D44C /* AppDelegate.m */,
				B27F534B1B58A33E00D8D44C /* ViewController.h */,
				B27F534C1B58A33E00D8D44C /* ViewController.mm */,
				B27F53441B58A33E00D8D44C /* Supporting Files */,
			);
			path = iDook;
			sourceTree = "<group>";
		};
		B27F53441B58A33E00D8D44C /* Supporting Files */ = {
			isa = PBXGroup;
			children = (
				B2E888041B62515C00B8FF26 /* MySound.caf */,
				B29810A21B60927C00DE374B /* createImage.jpg */,
				B27F534E1B58A33E00D8D44C /* Main.storyboard */,
				B27F53531B58A33E00D8D44C /* LaunchScreen.xib */,
				B27F53511B58A33E00D8D44C /* Images.xcassets */,
				B27F53A61B58E4B400D8D44C /* iDookPCH.pch */,
				B27F53451B58A33E00D8D44C /* Info.plist */,
				B27F53461B58A33E00D8D44C /* main.m */,
			);
			name = "Supporting Files";
			sourceTree = "<group>";
		};
		B27F535D1B58A33E00D8D44C /* iDookTests */ = {
			isa = PBXGroup;
			children = (
				B27F53601B58A33E00D8D44C /* iDookTests.m */,
				B27F535E1B58A33E00D8D44C /* Supporting Files */,
			);
			path = iDookTests;
			sourceTree = "<group>";
		};
		B27F535E1B58A33E00D8D44C /* Supporting Files */ = {
			isa = PBXGroup;
			children = (
				B27F535F1B58A33E00D8D44C /* Info.plist */,
			);
			name = "Supporting Files";
			sourceTree = "<group>";
		};
		B27F53821B58DA5500D8D44C /* iDookModel */ = {
			isa = PBXGroup;
			children = (
				B27F53BC1B59070500D8D44C /* DKDynamic.h */,
				B27F53BD1B59070500D8D44C /* DKDynamic.m */,
			);
			path = iDookModel;
			sourceTree = "<group>";
		};
		B27F53831B58DB1000D8D44C /* iDookBaseViews */ = {
			isa = PBXGroup;
			children = (
				B27F53841B58DB8B00D8D44C /* DKBaseNavigationViewController.h */,
				B27F53851B58DB8B00D8D44C /* DKBaseNavigationViewController.m */,
				B27F538A1B58DC5800D8D44C /* DKBaseViewController.h */,
				B27F538B1B58DC5800D8D44C /* DKBaseViewController.m */,
			);
			path = iDookBaseViews;
			sourceTree = "<group>";
		};
		B27F53901B58DE5600D8D44C /* iDookActivity */ = {
			isa = PBXGroup;
			children = (
				B27F53931B58DEA100D8D44C /* DkActivityViewController.h */,
				B27F53941B58DEA100D8D44C /* DkActivityViewController.m */,
				B27F53951B58DEA100D8D44C /* DkActivityViewController.xib */,
				B25E2F261B59F93100F48886 /* DKActivityTableViewCell.h */,
				B25E2F271B59F93100F48886 /* DKActivityTableViewCell.m */,
				B25E2F281B59F93100F48886 /* DKActivityTableViewCell.xib */,
				B2CEC5B41B5DCF9400FF19E4 /* DKCreateActivityViewController.h */,
				B2CEC5B51B5DCF9400FF19E4 /* DKCreateActivityViewController.m */,
				B2CEC5B61B5DCF9400FF19E4 /* DKCreateActivityViewController.xib */,
				B2CEC5BD1B5DF0B100FF19E4 /* DkAddImageView.h */,
				B2CEC5BE1B5DF0B100FF19E4 /* DkAddImageView.m */,
				B29810B41B60F31600DE374B /* DKShowBigImageViewController.h */,
				B29810B51B60F31600DE374B /* DKShowBigImageViewController.m */,
				B2E887E41B6201A100B8FF26 /* DKShowlocationViewController.h */,
				B2E887E51B6201A100B8FF26 /* DKShowlocationViewController.m */,
				B2E887E61B6201A100B8FF26 /* DKShowlocationViewController.xib */,
				B2E887FD1B623B3400B8FF26 /* DKAudioRecordViewController.h */,
				B2E887FE1B623B3400B8FF26 /* DKAudioRecordViewController.m */,
				B2E887FF1B623B3400B8FF26 /* DKAudioRecordViewController.xib */,
				B258A6351B65D61300A71768 /* DKActivityShareSettingViewController.h */,
				B258A6361B65D61300A71768 /* DKActivityShareSettingViewController.m */,
				B258A6371B65D61300A71768 /* DKActivityShareSettingViewController.xib */,
			);
			path = iDookActivity;
			sourceTree = "<group>";
		};
		B27F53911B58DE6100D8D44C /* iDookAddressList */ = {
			isa = PBXGroup;
			children = (
				B27F53981B58DECB00D8D44C /* DKAddressListViewController.h */,
				B27F53991B58DECB00D8D44C /* DKAddressListViewController.m */,
				B27F539A1B58DECB00D8D44C /* DKAddressListViewController.xib */,
				FDF4C0251B64EF5B005DAF41 /* DKAddressListCell.h */,
				FDF4C0261B64EF5B005DAF41 /* DKAddressListCell.m */,
				FDF4C0271B64EF5B005DAF41 /* DKAddressListCell.xib */,
				B258A6301B65C3B800A71768 /* DKListDetailViewController.h */,
				B258A6311B65C3B800A71768 /* DKListDetailViewController.m */,
				B258A6321B65C3B800A71768 /* DKListDetailViewController.xib */,
			);
			path = iDookAddressList;
			sourceTree = "<group>";
		};
		B27F53921B58DE6800D8D44C /* iDookMine */ = {
			isa = PBXGroup;
			children = (
				B27F539D1B58DEDB00D8D44C /* DkMineViewController.h */,
				B27F539E1B58DEDB00D8D44C /* DkMineViewController.m */,
				B27F539F1B58DEDB00D8D44C /* DkMineViewController.xib */,
			);
			path = iDookMine;
			sourceTree = "<group>";
		};
		B27F53A21B58E30A00D8D44C /* ThirdFrameworks */ = {
			isa = PBXGroup;
			children = (
				B258A63A1B66396F00A71768 /* WeiChat */,
				B2E887E91B6239FD00B8FF26 /* AudioRecord */,
				B29810A81B60C55B00DE374B /* GetImage */,
				B29810A41B60BF9E00DE374B /* UIView+Toast */,
				B2CEC5B91B5DEFF500FF19E4 /* ScrollView */,
				B27F53AC1B58E83400D8D44C /* SSKeychain */,
				B27F53A71B58E73100D8D44C /* Tools.h */,
				B27F53A81B58E73100D8D44C /* Tools.m */,
				B27F53A31B58E33400D8D44C /* UITabBarItem+Universal.h */,
				B27F53A41B58E33400D8D44C /* UITabBarItem+Universal.m */,
			);
			path = ThirdFrameworks;
			sourceTree = "<group>";
		};
		B27F53AC1B58E83400D8D44C /* SSKeychain */ = {
			isa = PBXGroup;
			children = (
				B27F53AD1B58E83400D8D44C /* SSKeychain.h */,
				B27F53AE1B58E83400D8D44C /* SSKeychain.m */,
			);
			path = SSKeychain;
			sourceTree = "<group>";
		};
		B29810A41B60BF9E00DE374B /* UIView+Toast */ = {
			isa = PBXGroup;
			children = (
				B29810A51B60BFAB00DE374B /* UIView+Toast.h */,
				B29810A61B60BFAB00DE374B /* UIView+Toast.m */,
			);
			path = "UIView+Toast";
			sourceTree = "<group>";
		};
		B29810A81B60C55B00DE374B /* GetImage */ = {
			isa = PBXGroup;
			children = (
				B29810A91B60C56B00DE374B /* CTAssetsPickerController.h */,
				B29810AA1B60C56B00DE374B /* CTAssetsPickerController.m */,
				B29810AF1B60CBA800DE374B /* NSDate+TimeInterval.h */,
				B29810B01B60CBA800DE374B /* NSDate+TimeInterval.m */,
				B29810AB1B60C56B00DE374B /* PhotoPickerController.h */,
				B29810AC1B60C56B00DE374B /* PhotoPickerController.m */,
			);
			path = GetImage;
			sourceTree = "<group>";
		};
		B2CEC5B91B5DEFF500FF19E4 /* ScrollView */ = {
			isa = PBXGroup;
			children = (
				B2CEC5BA1B5DF00200FF19E4 /* EScrollerView.h */,
				B2CEC5BB1B5DF00200FF19E4 /* EScrollerView.m */,
			);
			path = ScrollView;
			sourceTree = "<group>";
		};
		B2E887C81B61EB0A00B8FF26 /* Frameworks */ = {
			isa = PBXGroup;
			children = (
				B258A6431B6639F800A71768 /* libsqlite3.0.dylib */,
				B258A6411B6639EE00A71768 /* libz.dylib */,
				B2E888021B62466100B8FF26 /* AudioToolbox.framework */,
				B2E887FB1B623ABB00B8FF26 /* Foundation.framework */,
				B2E887F91B623AAD00B8FF26 /* UIKit.framework */,
				B2E887DD1B61EE3C00B8FF26 /* mapapi.bundle */,
				B2E887D51B61EC6000B8FF26 /* Security.framework */,
				B2E887D31B61EC5300B8FF26 /* CoreGraphics.framework */,
				B2E887D11B61EC4800B8FF26 /* SystemConfiguration.framework */,
				B2E887CF1B61EC3600B8FF26 /* OpenGLES.framework */,
				B2E887CD1B61EC2F00B8FF26 /* QuartzCore.framework */,
				B2E887CB1B61EC2600B8FF26 /* CoreLocation.framework */,
				B2E887C91B61EB4900B8FF26 /* BaiduMapAPI.framework */,
				B29810B21B60F1BE00DE374B /* AVFoundation.framework */,
			);
			name = Frameworks;
			path = iDook/Frameworks;
			sourceTree = "<group>";
		};
		B2E887E91B6239FD00B8FF26 /* AudioRecord */ = {
			isa = PBXGroup;
			children = (
				B2E887F01B623A7F00B8FF26 /* black_bg_ip5@2x.png */,
				B2E887F11B623A7F00B8FF26 /* mic_normal_358x358@2x.png */,
				B2E887F21B623A7F00B8FF26 /* mic_talk_358x358@2x.png */,
				B2E887F31B623A7F00B8FF26 /* wave70x117@2x.png */,
				B2E887EA1B623A1200B8FF26 /* LCVoice.h */,
				B2E887EB1B623A1200B8FF26 /* LCVoice.m */,
				B2E887EC1B623A1200B8FF26 /* LCVoiceHud.h */,
				B2E887ED1B623A1200B8FF26 /* LCVoiceHud.m */,
			);
			path = AudioRecord;
			sourceTree = "<group>";
		};
/* End PBXGroup section */

/* Begin PBXNativeTarget section */
		B27F53401B58A33E00D8D44C /* iDook */ = {
			isa = PBXNativeTarget;
			buildConfigurationList = B27F53641B58A33E00D8D44C /* Build configuration list for PBXNativeTarget "iDook" */;
			buildPhases = (
				B27F533D1B58A33E00D8D44C /* Sources */,
				B27F533E1B58A33E00D8D44C /* Frameworks */,
				B27F533F1B58A33E00D8D44C /* Resources */,
			);
			buildRules = (
			);
			dependencies = (
			);
			name = iDook;
			productName = iDook;
			productReference = B27F53411B58A33E00D8D44C /* iDook.app */;
			productType = "com.apple.product-type.application";
		};
		B27F53591B58A33E00D8D44C /* iDookTests */ = {
			isa = PBXNativeTarget;
			buildConfigurationList = B27F53671B58A33E00D8D44C /* Build configuration list for PBXNativeTarget "iDookTests" */;
			buildPhases = (
				B27F53561B58A33E00D8D44C /* Sources */,
				B27F53571B58A33E00D8D44C /* Frameworks */,
				B27F53581B58A33E00D8D44C /* Resources */,
			);
			buildRules = (
			);
			dependencies = (
				B27F535C1B58A33E00D8D44C /* PBXTargetDependency */,
			);
			name = iDookTests;
			productName = iDookTests;
			productReference = B27F535A1B58A33E00D8D44C /* iDookTests.xctest */;
			productType = "com.apple.product-type.bundle.unit-test";
		};
/* End PBXNativeTarget section */

/* Begin PBXProject section */
		B27F53391B58A33E00D8D44C /* Project object */ = {
			isa = PBXProject;
			attributes = {
				LastUpgradeCheck = 0640;
				ORGANIZATIONNAME = sunshilong;
				TargetAttributes = {
					B27F53401B58A33E00D8D44C = {
						CreatedOnToolsVersion = 6.4;
						DevelopmentTeam = WGT92H6A2L;
					};
					B27F53591B58A33E00D8D44C = {
						CreatedOnToolsVersion = 6.4;
						TestTargetID = B27F53401B58A33E00D8D44C;
					};
				};
			};
			buildConfigurationList = B27F533C1B58A33E00D8D44C /* Build configuration list for PBXProject "iDook" */;
			compatibilityVersion = "Xcode 3.2";
			developmentRegion = English;
			hasScannedForEncodings = 0;
			knownRegions = (
				en,
				Base,
			);
			mainGroup = B27F53381B58A33E00D8D44C;
			productRefGroup = B27F53421B58A33E00D8D44C /* Products */;
			projectDirPath = "";
			projectRoot = "";
			targets = (
				B27F53401B58A33E00D8D44C /* iDook */,
				B27F53591B58A33E00D8D44C /* iDookTests */,
			);
		};
/* End PBXProject section */

/* Begin PBXResourcesBuildPhase section */
		B27F533F1B58A33E00D8D44C /* Resources */ = {
			isa = PBXResourcesBuildPhase;
			buildActionMask = 2147483647;
			files = (
				B258A6341B65C3B800A71768 /* DKListDetailViewController.xib in Resources */,
				B2E887E81B6201A100B8FF26 /* DKShowlocationViewController.xib in Resources */,
				B2E887F61B623A7F00B8FF26 /* mic_talk_358x358@2x.png in Resources */,
				B27F53A11B58DEDB00D8D44C /* DkMineViewController.xib in Resources */,
				B2E887F51B623A7F00B8FF26 /* mic_normal_358x358@2x.png in Resources */,
				B258A6391B65D61300A71768 /* DKActivityShareSettingViewController.xib in Resources */,
				B2E887F71B623A7F00B8FF26 /* wave70x117@2x.png in Resources */,
				FDF4C0291B64EF5B005DAF41 /* DKAddressListCell.xib in Resources */,
				B258A6401B6639B000A71768 /* read_me.txt in Resources */,
				B2E888051B62515C00B8FF26 /* MySound.caf in Resources */,
				B2E887DE1B61EE3C00B8FF26 /* mapapi.bundle in Resources */,
				B27F53971B58DEA100D8D44C /* DkActivityViewController.xib in Resources */,
				B2CEC5B81B5DCF9400FF19E4 /* DKCreateActivityViewController.xib in Resources */,
				B27F53501B58A33E00D8D44C /* Main.storyboard in Resources */,
				B27F539C1B58DECB00D8D44C /* DKAddressListViewController.xib in Resources */,
				B27F53551B58A33E00D8D44C /* LaunchScreen.xib in Resources */,
				B27F53521B58A33E00D8D44C /* Images.xcassets in Resources */,
				B25E2F2A1B59F93100F48886 /* DKActivityTableViewCell.xib in Resources */,
				B2E887F41B623A7F00B8FF26 /* black_bg_ip5@2x.png in Resources */,
				B29810A31B60927C00DE374B /* createImage.jpg in Resources */,
				B2E888011B623B3400B8FF26 /* DKAudioRecordViewController.xib in Resources */,
				B258A62F1B65C26300A71768 /* DKLoginViewController.xib in Resources */,
			);
			runOnlyForDeploymentPostprocessing = 0;
		};
		B27F53581B58A33E00D8D44C /* Resources */ = {
			isa = PBXResourcesBuildPhase;
			buildActionMask = 2147483647;
			files = (
			);
			runOnlyForDeploymentPostprocessing = 0;
		};
/* End PBXResourcesBuildPhase section */

/* Begin PBXSourcesBuildPhase section */
		B27F533D1B58A33E00D8D44C /* Sources */ = {
			isa = PBXSourcesBuildPhase;
			buildActionMask = 2147483647;
			files = (
				B29810AE1B60C56B00DE374B /* PhotoPickerController.m in Sources */,
				B255BFEA1B67257B00D46091 /* GuideVC.m in Sources */,
				B2CEC5B71B5DCF9400FF19E4 /* DKCreateActivityViewController.m in Sources */,
				B2CEC5BF1B5DF0B100FF19E4 /* DkAddImageView.m in Sources */,
				B27F53A01B58DEDB00D8D44C /* DkMineViewController.m in Sources */,
				B29810AD1B60C56B00DE374B /* CTAssetsPickerController.m in Sources */,
				FDF4C0281B64EF5B005DAF41 /* DKAddressListCell.m in Sources */,
				B27F53A91B58E73100D8D44C /* Tools.m in Sources */,
				B27F53961B58DEA100D8D44C /* DkActivityViewController.m in Sources */,
				B258A6331B65C3B800A71768 /* DKListDetailViewController.m in Sources */,
				B2E887E71B6201A100B8FF26 /* DKShowlocationViewController.m in Sources */,
				B2E887EE1B623A1200B8FF26 /* LCVoice.m in Sources */,
				B27F534D1B58A33E00D8D44C /* ViewController.mm in Sources */,
				B2CEC5BC1B5DF00200FF19E4 /* EScrollerView.m in Sources */,
				B27F539B1B58DECB00D8D44C /* DKAddressListViewController.m in Sources */,
				B258A6381B65D61300A71768 /* DKActivityShareSettingViewController.m in Sources */,
				B258A62E1B65C26300A71768 /* DKLoginViewController.m in Sources */,
				B29810B11B60CBA800DE374B /* NSDate+TimeInterval.m in Sources */,
				B2E888001B623B3400B8FF26 /* DKAudioRecordViewController.m in Sources */,
				B29810A71B60BFAB00DE374B /* UIView+Toast.m in Sources */,
				B27F534A1B58A33E00D8D44C /* AppDelegate.m in Sources */,
				B27F53BE1B59070500D8D44C /* DKDynamic.m in Sources */,
				B27F53471B58A33E00D8D44C /* main.m in Sources */,
				B25E2F291B59F93100F48886 /* DKActivityTableViewCell.m in Sources */,
				B27F53861B58DB8B00D8D44C /* DKBaseNavigationViewController.m in Sources */,
				B29810B61B60F31600DE374B /* DKShowBigImageViewController.m in Sources */,
				B27F53AF1B58E83400D8D44C /* SSKeychain.m in Sources */,
				B2E887EF1B623A1200B8FF26 /* LCVoiceHud.m in Sources */,
				B27F538C1B58DC5800D8D44C /* DKBaseViewController.m in Sources */,
				B27F53A51B58E33400D8D44C /* UITabBarItem+Universal.m in Sources */,
			);
			runOnlyForDeploymentPostprocessing = 0;
		};
		B27F53561B58A33E00D8D44C /* Sources */ = {
			isa = PBXSourcesBuildPhase;
			buildActionMask = 2147483647;
			files = (
				B27F53611B58A33E00D8D44C /* iDookTests.m in Sources */,
			);
			runOnlyForDeploymentPostprocessing = 0;
		};
/* End PBXSourcesBuildPhase section */

/* Begin PBXTargetDependency section */
		B27F535C1B58A33E00D8D44C /* PBXTargetDependency */ = {
			isa = PBXTargetDependency;
			target = B27F53401B58A33E00D8D44C /* iDook */;
			targetProxy = B27F535B1B58A33E00D8D44C /* PBXContainerItemProxy */;
		};
/* End PBXTargetDependency section */

/* Begin PBXVariantGroup section */
		B27F534E1B58A33E00D8D44C /* Main.storyboard */ = {
			isa = PBXVariantGroup;
			children = (
				B27F534F1B58A33E00D8D44C /* Base */,
			);
			name = Main.storyboard;
			sourceTree = "<group>";
		};
		B27F53531B58A33E00D8D44C /* LaunchScreen.xib */ = {
			isa = PBXVariantGroup;
			children = (
				B27F53541B58A33E00D8D44C /* Base */,
			);
			name = LaunchScreen.xib;
			sourceTree = "<group>";
		};
/* End PBXVariantGroup section */

/* Begin XCBuildConfiguration section */
		B27F53621B58A33E00D8D44C /* Debug */ = {
			isa = XCBuildConfiguration;
			buildSettings = {
				ALWAYS_SEARCH_USER_PATHS = NO;
				CLANG_CXX_LANGUAGE_STANDARD = "gnu++0x";
				CLANG_CXX_LIBRARY = "libc++";
				CLANG_ENABLE_MODULES = YES;
				CLANG_ENABLE_OBJC_ARC = YES;
				CLANG_WARN_BOOL_CONVERSION = YES;
				CLANG_WARN_CONSTANT_CONVERSION = YES;
				CLANG_WARN_DIRECT_OBJC_ISA_USAGE = YES_ERROR;
				CLANG_WARN_EMPTY_BODY = YES;
				CLANG_WARN_ENUM_CONVERSION = YES;
				CLANG_WARN_INT_CONVERSION = YES;
				CLANG_WARN_OBJC_ROOT_CLASS = YES_ERROR;
				CLANG_WARN_UNREACHABLE_CODE = YES;
				CLANG_WARN__DUPLICATE_METHOD_MATCH = YES;
				CODE_SIGN_IDENTITY = "";
				"CODE_SIGN_IDENTITY[sdk=iphoneos*]" = "iPhone Developer";
				COPY_PHASE_STRIP = NO;
				DEBUG_INFORMATION_FORMAT = "dwarf-with-dsym";
				ENABLE_STRICT_OBJC_MSGSEND = YES;
				GCC_C_LANGUAGE_STANDARD = gnu99;
				GCC_DYNAMIC_NO_PIC = NO;
				GCC_NO_COMMON_BLOCKS = YES;
				GCC_OPTIMIZATION_LEVEL = 0;
				GCC_PREPROCESSOR_DEFINITIONS = (
					"DEBUG=1",
					"$(inherited)",
				);
				GCC_SYMBOLS_PRIVATE_EXTERN = NO;
				GCC_WARN_64_TO_32_BIT_CONVERSION = YES;
				GCC_WARN_ABOUT_RETURN_TYPE = YES_ERROR;
				GCC_WARN_UNDECLARED_SELECTOR = YES;
				GCC_WARN_UNINITIALIZED_AUTOS = YES_AGGRESSIVE;
				GCC_WARN_UNUSED_FUNCTION = YES;
				GCC_WARN_UNUSED_VARIABLE = YES;
				IPHONEOS_DEPLOYMENT_TARGET = 6.0;
				MTL_ENABLE_DEBUG_INFO = YES;
				ONLY_ACTIVE_ARCH = YES;
				PROVISIONING_PROFILE = "";
				SDKROOT = iphoneos;
				TARGETED_DEVICE_FAMILY = "1,2";
			};
			name = Debug;
		};
		B27F53631B58A33E00D8D44C /* Release */ = {
			isa = XCBuildConfiguration;
			buildSettings = {
				ALWAYS_SEARCH_USER_PATHS = NO;
				CLANG_CXX_LANGUAGE_STANDARD = "gnu++0x";
				CLANG_CXX_LIBRARY = "libc++";
				CLANG_ENABLE_MODULES = YES;
				CLANG_ENABLE_OBJC_ARC = YES;
				CLANG_WARN_BOOL_CONVERSION = YES;
				CLANG_WARN_CONSTANT_CONVERSION = YES;
				CLANG_WARN_DIRECT_OBJC_ISA_USAGE = YES_ERROR;
				CLANG_WARN_EMPTY_BODY = YES;
				CLANG_WARN_ENUM_CONVERSION = YES;
				CLANG_WARN_INT_CONVERSION = YES;
				CLANG_WARN_OBJC_ROOT_CLASS = YES_ERROR;
				CLANG_WARN_UNREACHABLE_CODE = YES;
				CLANG_WARN__DUPLICATE_METHOD_MATCH = YES;
				CODE_SIGN_IDENTITY = "";
				"CODE_SIGN_IDENTITY[sdk=iphoneos*]" = "iPhone Developer";
				COPY_PHASE_STRIP = NO;
				DEBUG_INFORMATION_FORMAT = "dwarf-with-dsym";
				ENABLE_NS_ASSERTIONS = NO;
				ENABLE_STRICT_OBJC_MSGSEND = YES;
				GCC_C_LANGUAGE_STANDARD = gnu99;
				GCC_NO_COMMON_BLOCKS = YES;
				GCC_WARN_64_TO_32_BIT_CONVERSION = YES;
				GCC_WARN_ABOUT_RETURN_TYPE = YES_ERROR;
				GCC_WARN_UNDECLARED_SELECTOR = YES;
				GCC_WARN_UNINITIALIZED_AUTOS = YES_AGGRESSIVE;
				GCC_WARN_UNUSED_FUNCTION = YES;
				GCC_WARN_UNUSED_VARIABLE = YES;
				IPHONEOS_DEPLOYMENT_TARGET = 6.0;
				MTL_ENABLE_DEBUG_INFO = NO;
				PROVISIONING_PROFILE = "";
				SDKROOT = iphoneos;
				TARGETED_DEVICE_FAMILY = "1,2";
				VALIDATE_PRODUCT = YES;
			};
			name = Release;
		};
		B27F53651B58A33E00D8D44C /* Debug */ = {
			isa = XCBuildConfiguration;
			buildSettings = {
				ASSETCATALOG_COMPILER_APPICON_NAME = AppIcon;
				ASSETCATALOG_COMPILER_LAUNCHIMAGE_NAME = LaunchImage;
				CODE_SIGN_IDENTITY = "iPhone Developer: Xin Meng (GPHTA7398D)";
				FRAMEWORK_SEARCH_PATHS = (
					"$(inherited)",
					"$(PROJECT_DIR)/iDook/Frameworks",
				);
				GCC_PREFIX_HEADER = "$(SRCROOT)/iDook/iDookPCH.pch";
				INFOPLIST_FILE = iDook/Info.plist;
				LD_RUNPATH_SEARCH_PATHS = "$(inherited) @executable_path/Frameworks";
				LIBRARY_SEARCH_PATHS = (
					"$(inherited)",
					"$(PROJECT_DIR)/iDook/ThirdFrameworks/WeiChat",
				);
				OTHER_LDFLAGS = "-Objc";
				PRODUCT_NAME = "$(TARGET_NAME)";
				PROVISIONING_PROFILE = "97b0ca88-6b7d-4e42-adc8-e561cedcfeb4";
			};
			name = Debug;
		};
		B27F53661B58A33E00D8D44C /* Release */ = {
			isa = XCBuildConfiguration;
			buildSettings = {
				ASSETCATALOG_COMPILER_APPICON_NAME = AppIcon;
				ASSETCATALOG_COMPILER_LAUNCHIMAGE_NAME = LaunchImage;
				CODE_SIGN_IDENTITY = "iPhone Developer: Xin Meng (GPHTA7398D)";
				FRAMEWORK_SEARCH_PATHS = (
					"$(inherited)",
					"$(PROJECT_DIR)/iDook/Frameworks",
				);
				GCC_PREFIX_HEADER = "$(SRCROOT)/iDook/iDookPCH.pch";
				INFOPLIST_FILE = iDook/Info.plist;
				LD_RUNPATH_SEARCH_PATHS = "$(inherited) @executable_path/Frameworks";
				LIBRARY_SEARCH_PATHS = (
					"$(inherited)",
					"$(PROJECT_DIR)/iDook/ThirdFrameworks/WeiChat",
				);
				OTHER_LDFLAGS = "-Objc";
				PRODUCT_NAME = "$(TARGET_NAME)";
				PROVISIONING_PROFILE = "97b0ca88-6b7d-4e42-adc8-e561cedcfeb4";
			};
			name = Release;
		};
		B27F53681B58A33E00D8D44C /* Debug */ = {
			isa = XCBuildConfiguration;
			buildSettings = {
				BUNDLE_LOADER = "$(TEST_HOST)";
				FRAMEWORK_SEARCH_PATHS = (
					"$(SDKROOT)/Developer/Library/Frameworks",
					"$(inherited)",
				);
				GCC_PREPROCESSOR_DEFINITIONS = (
					"DEBUG=1",
					"$(inherited)",
				);
				INFOPLIST_FILE = iDookTests/Info.plist;
				LD_RUNPATH_SEARCH_PATHS = "$(inherited) @executable_path/Frameworks @loader_path/Frameworks";
				PRODUCT_NAME = "$(TARGET_NAME)";
				TEST_HOST = "$(BUILT_PRODUCTS_DIR)/iDook.app/iDook";
			};
			name = Debug;
		};
		B27F53691B58A33E00D8D44C /* Release */ = {
			isa = XCBuildConfiguration;
			buildSettings = {
				BUNDLE_LOADER = "$(TEST_HOST)";
				FRAMEWORK_SEARCH_PATHS = (
					"$(SDKROOT)/Developer/Library/Frameworks",
					"$(inherited)",
				);
				INFOPLIST_FILE = iDookTests/Info.plist;
				LD_RUNPATH_SEARCH_PATHS = "$(inherited) @executable_path/Frameworks @loader_path/Frameworks";
				PRODUCT_NAME = "$(TARGET_NAME)";
				TEST_HOST = "$(BUILT_PRODUCTS_DIR)/iDook.app/iDook";
			};
			name = Release;
		};
/* End XCBuildConfiguration section */

/* Begin XCConfigurationList section */
		B27F533C1B58A33E00D8D44C /* Build configuration list for PBXProject "iDook" */ = {
			isa = XCConfigurationList;
			buildConfigurations = (
				B27F53621B58A33E00D8D44C /* Debug */,
				B27F53631B58A33E00D8D44C /* Release */,
			);
			defaultConfigurationIsVisible = 0;
			defaultConfigurationName = Release;
		};
		B27F53641B58A33E00D8D44C /* Build configuration list for PBXNativeTarget "iDook" */ = {
			isa = XCConfigurationList;
			buildConfigurations = (
				B27F53651B58A33E00D8D44C /* Debug */,
				B27F53661B58A33E00D8D44C /* Release */,
			);
			defaultConfigurationIsVisible = 0;
			defaultConfigurationName = Release;
		};
		B27F53671B58A33E00D8D44C /* Build configuration list for PBXNativeTarget "iDookTests" */ = {
			isa = XCConfigurationList;
			buildConfigurations = (
				B27F53681B58A33E00D8D44C /* Debug */,
				B27F53691B58A33E00D8D44C /* Release */,
			);
			defaultConfigurationIsVisible = 0;
			defaultConfigurationName = Release;
		};
/* End XCConfigurationList section */
	};
	rootObject = B27F53391B58A33E00D8D44C /* Project object */;
}
